
Microsoft Visual Studio Solution File, Format Version 12.00
# Visual Studio Version 16
VisualStudioVersion = 16.0.30717.126
MinimumVisualStudioVersion = 10.0.40219.1
Project("{FAE04EC0-301F-11D3-BF4B-00C04F79EFBC}") = "ControlIngresosGasto", "ControlIngresosGasto\ControlIngresosGasto.csproj", "{D0E7B29C-E690-49E2-8D82-AAC73A06E66B}"
EndProject
Global
	GlobalSection(SolutionConfigurationPlatforms) = preSolution
		Debug|Any CPU = Debug|Any CPU
		Release|Any CPU = Release|Any CPU
	EndGlobalSection
	GlobalSection(ProjectConfigurationPlatforms) = postSolution
		{D0E7B29C-E690-49E2-8D82-AAC73A06E66B}.Debug|Any CPU.ActiveCfg = Debug|Any CPU
		{D0E7B29C-E690-49E2-8D82-AAC73A06E66B}.Debug|Any CPU.Build.0 = Debug|Any CPU
		{D0E7B29C-E690-49E2-8D82-AAC73A06E66B}.Release|Any CPU.ActiveCfg = Release|Any CPU
		{D0E7B29C-E690-49E2-8D82-AAC73A06E66B}.Release|Any CPU.Build.0 = Release|Any CPU
	EndGlobalSection
	GlobalSection(SolutionProperties) = preSolution
		HideSolutionNode = FALSE
	EndGlobalSection
	GlobalSection(ExtensibilityGlobals) = postSolution
		SolutionGuid = {017795D9-22F4-43CE-900A-810C2D3AA72A}
	EndGlobalSection
EndGlobal
